// !$*UTF8*$!
{
	archiveVersion = 1;
	classes = {
	};
	objectVersion = 51;
	objects = {

/* Begin PBXBuildFile section */
		31C0894D2FBC4693BB44FDB2 /* Pods_demo_foursquare.framework in Frameworks */ = {isa = PBXBuildFile; fileRef = FC0EE4FF7E218E4846D912F8 /* Pods_demo_foursquare.framework */; };
		B832DCA52387CFD400616F77 /* FoursquareModel.swift in Sources */ = {isa = PBXBuildFile; fileRef = B832DCA42387CFD400616F77 /* FoursquareModel.swift */; };
		B832DCA72387F4F700616F77 /* ErrorDTO.swift in Sources */ = {isa = PBXBuildFile; fileRef = B832DCA62387F4F700616F77 /* ErrorDTO.swift */; };
		B83D8A56238659C900D9A5CA /* AppDelegate.swift in Sources */ = {isa = PBXBuildFile; fileRef = B83D8A55238659C900D9A5CA /* AppDelegate.swift */; };
		B83D8A58238659C900D9A5CA /* SceneDelegate.swift in Sources */ = {isa = PBXBuildFile; fileRef = B83D8A57238659C900D9A5CA /* SceneDelegate.swift */; };
		B83D8A5A238659C900D9A5CA /* ViewController.swift in Sources */ = {isa = PBXBuildFile; fileRef = B83D8A59238659C900D9A5CA /* ViewController.swift */; };
		B83D8A5D238659C900D9A5CA /* Main.storyboard in Resources */ = {isa = PBXBuildFile; fileRef = B83D8A5B238659C900D9A5CA /* Main.storyboard */; };
		B83D8A5F238659CA00D9A5CA /* Assets.xcassets in Resources */ = {isa = PBXBuildFile; fileRef = B83D8A5E238659CA00D9A5CA /* Assets.xcassets */; };
		B83D8A62238659CA00D9A5CA /* LaunchScreen.storyboard in Resources */ = {isa = PBXBuildFile; fileRef = B83D8A60238659CA00D9A5CA /* LaunchScreen.storyboard */; };
		B83D8A6C23867DA000D9A5CA /* foursquareApi.swift in Sources */ = {isa = PBXBuildFile; fileRef = B83D8A6B23867DA000D9A5CA /* foursquareApi.swift */; };
		B83D8A70238685D300D9A5CA /* PlaceTableViewCell.swift in Sources */ = {isa = PBXBuildFile; fileRef = B83D8A6F238685D300D9A5CA /* PlaceTableViewCell.swift */; };
/* End PBXBuildFile section */

/* Begin PBXFileReference section */
		56E250C14F12821029B3F572 /* Pods-demo_foursquare.debug.xcconfig */ = {isa = PBXFileReference; includeInIndex = 1; lastKnownFileType = text.xcconfig; name = "Pods-demo_foursquare.debug.xcconfig"; path = "Target Support Files/Pods-demo_foursquare/Pods-demo_foursquare.debug.xcconfig"; sourceTree = "<group>"; };
		9C7E77499A03DCE06E6F4533 /* Pods-demo_foursquare.release.xcconfig */ = {isa = PBXFileReference; includeInIndex = 1; lastKnownFileType = text.xcconfig; name = "Pods-demo_foursquare.release.xcconfig"; path = "Target Support Files/Pods-demo_foursquare/Pods-demo_foursquare.release.xcconfig"; sourceTree = "<group>"; };
		B832DCA42387CFD400616F77 /* FoursquareModel.swift */ = {isa = PBXFileReference; lastKnownFileType = sourcecode.swift; path = FoursquareModel.swift; sourceTree = "<group>"; };
		B832DCA62387F4F700616F77 /* ErrorDTO.swift */ = {isa = PBXFileReference; lastKnownFileType = sourcecode.swift; path = ErrorDTO.swift; sourceTree = "<group>"; };
		B83D8A52238659C900D9A5CA /* demo_foursquare.app */ = {isa = PBXFileReference; explicitFileType = wrapper.application; includeInIndex = 0; path = demo_foursquare.app; sourceTree = BUILT_PRODUCTS_DIR; };
		B83D8A55238659C900D9A5CA /* AppDelegate.swift */ = {isa = PBXFileReference; lastKnownFileType = sourcecode.swift; path = AppDelegate.swift; sourceTree = "<group>"; };
		B83D8A57238659C900D9A5CA /* SceneDelegate.swift */ = {isa = PBXFileReference; lastKnownFileType = sourcecode.swift; path = SceneDelegate.swift; sourceTree = "<group>"; };
		B83D8A59238659C900D9A5CA /* ViewController.swift */ = {isa = PBXFileReference; lastKnownFileType = sourcecode.swift; path = ViewController.swift; sourceTree = "<group>"; };
		B83D8A5C238659C900D9A5CA /* Base */ = {isa = PBXFileReference; lastKnownFileType = file.storyboard; name = Base; path = Base.lproj/Main.storyboard; sourceTree = "<group>"; };
		B83D8A5E238659CA00D9A5CA /* Assets.xcassets */ = {isa = PBXFileReference; lastKnownFileType = folder.assetcatalog; path = Assets.xcassets; sourceTree = "<group>"; };
		B83D8A61238659CA00D9A5CA /* Base */ = {isa = PBXFileReference; lastKnownFileType = file.storyboard; name = Base; path = Base.lproj/LaunchScreen.storyboard; sourceTree = "<group>"; };
		B83D8A63238659CA00D9A5CA /* Info.plist */ = {isa = PBXFileReference; lastKnownFileType = text.plist.xml; path = Info.plist; sourceTree = "<group>"; };
		B83D8A6B23867DA000D9A5CA /* foursquareApi.swift */ = {isa = PBXFileReference; lastKnownFileType = sourcecode.swift; path = foursquareApi.swift; sourceTree = "<group>"; };
		B83D8A6F238685D300D9A5CA /* PlaceTableViewCell.swift */ = {isa = PBXFileReference; lastKnownFileType = sourcecode.swift; path = PlaceTableViewCell.swift; sourceTree = "<group>"; };
		FC0EE4FF7E218E4846D912F8 /* Pods_demo_foursquare.framework */ = {isa = PBXFileReference; explicitFileType = wrapper.framework; includeInIndex = 0; path = Pods_demo_foursquare.framework; sourceTree = BUILT_PRODUCTS_DIR; };
/* End PBXFileReference section */

/* Begin PBXFrameworksBuildPhase section */
		B83D8A4F238659C900D9A5CA /* Frameworks */ = {
			isa = PBXFrameworksBuildPhase;
			buildActionMask = 2147483647;
			files = (
				31C0894D2FBC4693BB44FDB2 /* Pods_demo_foursquare.framework in Frameworks */,
			);
			runOnlyForDeploymentPostprocessing = 0;
		};
/* End PBXFrameworksBuildPhase section */

/* Begin PBXGroup section */
		3CAF80AC9BFC0AE748094946 /* Frameworks */ = {
			isa = PBXGroup;
			children = (
				FC0EE4FF7E218E4846D912F8 /* Pods_demo_foursquare.framework */,
			);
			name = Frameworks;
			sourceTree = "<group>";
		};
		55C04844A154D53733E79FA7 /* Pods */ = {
			isa = PBXGroup;
			children = (
				56E250C14F12821029B3F572 /* Pods-demo_foursquare.debug.xcconfig */,
				9C7E77499A03DCE06E6F4533 /* Pods-demo_foursquare.release.xcconfig */,
			);
			path = Pods;
			sourceTree = "<group>";
		};
		B83D8A49238659C900D9A5CA = {
			isa = PBXGroup;
			children = (
				B83D8A54238659C900D9A5CA /* demo_foursquare */,
				B83D8A53238659C900D9A5CA /* Products */,
				55C04844A154D53733E79FA7 /* Pods */,
				3CAF80AC9BFC0AE748094946 /* Frameworks */,
			);
			sourceTree = "<group>";
		};
		B83D8A53238659C900D9A5CA /* Products */ = {
			isa = PBXGroup;
			children = (
				B83D8A52238659C900D9A5CA /* demo_foursquare.app */,
			);
			name = Products;
			sourceTree = "<group>";
		};
		B83D8A54238659C900D9A5CA /* demo_foursquare */ = {
			isa = PBXGroup;
			children = (
				B83D8A55238659C900D9A5CA /* AppDelegate.swift */,
				B83D8A57238659C900D9A5CA /* SceneDelegate.swift */,
				B83D8A59238659C900D9A5CA /* ViewController.swift */,
				B83D8A6F238685D300D9A5CA /* PlaceTableViewCell.swift */,
				B83D8A5B238659C900D9A5CA /* Main.storyboard */,
				B83D8A5E238659CA00D9A5CA /* Assets.xcassets */,
				B83D8A60238659CA00D9A5CA /* LaunchScreen.storyboard */,
				B83D8A63238659CA00D9A5CA /* Info.plist */,
				B83D8A6B23867DA000D9A5CA /* foursquareApi.swift */,
				B832DCA42387CFD400616F77 /* FoursquareModel.swift */,
				B832DCA62387F4F700616F77 /* ErrorDTO.swift */,
			);
			path = demo_foursquare;
			sourceTree = "<group>";
		};
/* End PBXGroup section */

/* Begin PBXNativeTarget section */
		B83D8A51238659C900D9A5CA /* demo_foursquare */ = {
			isa = PBXNativeTarget;
			buildConfigurationList = B83D8A66238659CB00D9A5CA /* Build configuration list for PBXNativeTarget "demo_foursquare" */;
			buildPhases = (
				2C4CA147C5A3274B2B83826F /* [CP] Check Pods Manifest.lock */,
				B83D8A4E238659C900D9A5CA /* Sources */,
				B83D8A4F238659C900D9A5CA /* Frameworks */,
				B83D8A50238659C900D9A5CA /* Resources */,
				436E5F4DE3D6BE7DE9E02C76 /* [CP] Embed Pods Frameworks */,
			);
			buildRules = (
			);
			dependencies = (
			);
			name = demo_foursquare;
			productName = demo_foursquare;
			productReference = B83D8A52238659C900D9A5CA /* demo_foursquare.app */;
			productType = "com.apple.product-type.application";
		};
/* End PBXNativeTarget section */

/* Begin PBXProject section */
		B83D8A4A238659C900D9A5CA /* Project object */ = {
			isa = PBXProject;
			attributes = {
				LastSwiftUpdateCheck = 1120;
				LastUpgradeCheck = 1120;
				ORGANIZATIONNAME = "iMac 2017 21.5\" Retina 4K";
				TargetAttributes = {
					B83D8A51238659C900D9A5CA = {
						CreatedOnToolsVersion = 11.2.1;
					};
				};
			};
			buildConfigurationList = B83D8A4D238659C900D9A5CA /* Build configuration list for PBXProject "demo_foursquare" */;
			compatibilityVersion = "Xcode 9.3";
			developmentRegion = en;
			hasScannedForEncodings = 0;
			knownRegions = (
				en,
				Base,
			);
			mainGroup = B83D8A49238659C900D9A5CA;
			productRefGroup = B83D8A53238659C900D9A5CA /* Products */;
			projectDirPath = "";
			projectRoot = "";
			targets = (
				B83D8A51238659C900D9A5CA /* demo_foursquare */,
			);
		};
/* End PBXProject section */

/* Begin PBXResourcesBuildPhase section */
		B83D8A50238659C900D9A5CA /* Resources */ = {
			isa = PBXResourcesBuildPhase;
			buildActionMask = 2147483647;
			files = (
				B83D8A62238659CA00D9A5CA /* LaunchScreen.storyboard in Resources */,
				B83D8A5F238659CA00D9A5CA /* Assets.xcassets in Resources */,
				B83D8A5D238659C900D9A5CA /* Main.storyboard in Resources */,
			);
			runOnlyForDeploymentPostprocessing = 0;
		};
/* End PBXResourcesBuildPhase section */

/* Begin PBXShellScriptBuildPhase section */
		2C4CA147C5A3274B2B83826F /* [CP] Check Pods Manifest.lock */ = {
			isa = PBXShellScriptBuildPhase;
			buildActionMask = 2147483647;
			files = (
			);
			inputFileListPaths = (
			);
			inputPaths = (
				"${PODS_PODFILE_DIR_PATH}/Podfile.lock",
				"${PODS_ROOT}/Manifest.lock",
			);
			name = "[CP] Check Pods Manifest.lock";
			outputFileListPaths = (
			);
			outputPaths = (
				"$(DERIVED_FILE_DIR)/Pods-demo_foursquare-checkManifestLockResult.txt",
			);
			runOnlyForDeploymentPostprocessing = 0;
			shellPath = /bin/sh;
			shellScript = "diff \"${PODS_PODFILE_DIR_PATH}/Podfile.lock\" \"${PODS_ROOT}/Manifest.lock\" > /dev/null\nif [ $? != 0 ] ; then\n    # print error to STDERR\n    echo \"error: The sandbox is not in sync with the Podfile.lock. Run 'pod install' or update your CocoaPods installation.\" >&2\n    exit 1\nfi\n# This output is used by Xcode 'outputs' to avoid re-running this script phase.\necho \"SUCCESS\" > \"${SCRIPT_OUTPUT_FILE_0}\"\n";
			showEnvVarsInLog = 0;
		};
		436E5F4DE3D6BE7DE9E02C76 /* [CP] Embed Pods Frameworks */ = {
			isa = PBXShellScriptBuildPhase;
			buildActionMask = 2147483647;
			files = (
			);
			inputFileListPaths = (
				"${PODS_ROOT}/Target Support Files/Pods-demo_foursquare/Pods-demo_foursquare-frameworks-${CONFIGURATION}-input-files.xcfilelist",
			);
			name = "[CP] Embed Pods Frameworks";
			outputFileListPaths = (
				"${PODS_ROOT}/Target Support Files/Pods-demo_foursquare/Pods-demo_foursquare-frameworks-${CONFIGURATION}-output-files.xcfilelist",
			);
			runOnlyForDeploymentPostprocessing = 0;
			shellPath = /bin/sh;
			shellScript = "\"${PODS_ROOT}/Target Support Files/Pods-demo_foursquare/Pods-demo_foursquare-frameworks.sh\"\n";
			showEnvVarsInLog = 0;
		};
/* End PBXShellScriptBuildPhase section */

/* Begin PBXSourcesBuildPhase section */
		B83D8A4E238659C900D9A5CA /* Sources */ = {
			isa = PBXSourcesBuildPhase;
			buildActionMask = 2147483647;
			files = (
				B83D8A5A238659C900D9A5CA /* ViewController.swift in Sources */,
				B832DCA72387F4F700616F77 /* ErrorDTO.swift in Sources */,
				B83D8A56238659C900D9A5CA /* AppDelegate.swift in Sources */,
				B83D8A58238659C900D9A5CA /* SceneDelegate.swift in Sources */,
				B83D8A6C23867DA000D9A5CA /* foursquareApi.swift in Sources */,
				B83D8A70238685D300D9A5CA /* PlaceTableViewCell.swift in Sources */,
				B832DCA52387CFD400616F77 /* FoursquareModel.swift in Sources */,
			);
			runOnlyForDeploymentPostprocessing = 0;
		};
/* End PBXSourcesBuildPhase section */

/* Begin PBXVariantGroup section */
		B83D8A5B238659C900D9A5CA /* Main.storyboard */ = {
			isa = PBXVariantGroup;
			children = (
				B83D8A5C238659C900D9A5CA /* Base */,
			);
			name = Main.storyboard;
			sourceTree = "<group>";
		};
		B83D8A60238659CA00D9A5CA /* LaunchScreen.storyboard */ = {
			isa = PBXVariantGroup;
			children = (
				B83D8A61238659CA00D9A5CA /* Base */,
			);
			name = LaunchScreen.storyboard;
			sourceTree = "<group>";
		};
/* End PBXVariantGroup section */

/* Begin XCBuildConfiguration section */
		B83D8A64238659CA00D9A5CA /* Debug */ = {
			isa = XCBuildConfiguration;
			buildSettings = {
				ALWAYS_SEARCH_USER_PATHS = NO;
				CLANG_ANALYZER_NONNULL = YES;
				CLANG_ANALYZER_NUMBER_OBJECT_CONVERSION = YES_AGGRESSIVE;
				CLANG_CXX_LANGUAGE_STANDARD = "gnu++14";
				CLANG_CXX_LIBRARY = "libc++";
				CLANG_ENABLE_MODULES = YES;
				CLANG_ENABLE_OBJC_ARC = YES;
				CLANG_ENABLE_OBJC_WEAK = YES;
				CLANG_WARN_BLOCK_CAPTURE_AUTORELEASING = YES;
				CLANG_WARN_BOOL_CONVERSION = YES;
				CLANG_WARN_COMMA = YES;
				CLANG_WARN_CONSTANT_CONVERSION = YES;
				CLANG_WARN_DEPRECATED_OBJC_IMPLEMENTATIONS = YES;
				CLANG_WARN_DIRECT_OBJC_ISA_USAGE = YES_ERROR;
				CLANG_WARN_DOCUMENTATION_COMMENTS = YES;
				CLANG_WARN_EMPTY_BODY = YES;
				CLANG_WARN_ENUM_CONVERSION = YES;
				CLANG_WARN_INFINITE_RECURSION = YES;
				CLANG_WARN_INT_CONVERSION = YES;
				CLANG_WARN_NON_LITERAL_NULL_CONVERSION = YES;
				CLANG_WARN_OBJC_IMPLICIT_RETAIN_SELF = YES;
				CLANG_WARN_OBJC_LITERAL_CONVERSION = YES;
				CLANG_WARN_OBJC_ROOT_CLASS = YES_ERROR;
				CLANG_WARN_RANGE_LOOP_ANALYSIS = YES;
				CLANG_WARN_STRICT_PROTOTYPES = YES;
				CLANG_WARN_SUSPICIOUS_MOVE = YES;
				CLANG_WARN_UNGUARDED_AVAILABILITY = YES_AGGRESSIVE;
				CLANG_WARN_UNREACHABLE_CODE = YES;
				CLANG_WARN__DUPLICATE_METHOD_MATCH = YES;
				COPY_PHASE_STRIP = NO;
				DEBUG_INFORMATION_FORMAT = dwarf;
				ENABLE_STRICT_OBJC_MSGSEND = YES;
				ENABLE_TESTABILITY = YES;
				GCC_C_LANGUAGE_STANDARD = gnu11;
				GCC_DYNAMIC_NO_PIC = NO;
				GCC_NO_COMMON_BLOCKS = YES;
				GCC_OPTIMIZATION_LEVEL = 0;
				GCC_PREPROCESSOR_DEFINITIONS = (
					"DEBUG=1",
					"$(inherited)",
				);
				GCC_WARN_64_TO_32_BIT_CONVERSION = YES;
				GCC_WARN_ABOUT_RETURN_TYPE = YES_ERROR;
				GCC_WARN_UNDECLARED_SELECTOR = YES;
				GCC_WARN_UNINITIALIZED_AUTOS = YES_AGGRESSIVE;
				GCC_WARN_UNUSED_FUNCTION = YES;
				GCC_WARN_UNUSED_VARIABLE = YES;
				IPHONEOS_DEPLOYMENT_TARGET = 13.2;
				MTL_ENABLE_DEBUG_INFO = INCLUDE_SOURCE;
				MTL_FAST_MATH = YES;
				ONLY_ACTIVE_ARCH = YES;
				SDKROOT = iphoneos;
				SWIFT_ACTIVE_COMPILATION_CONDITIONS = DEBUG;
				SWIFT_OPTIMIZATION_LEVEL = "-Onone";
			};
			name = Debug;
		};
		B83D8A65238659CA00D9A5CA /* Release */ = {
			isa = XCBuildConfiguration;
			buildSettings = {
				ALWAYS_SEARCH_USER_PATHS = NO;
				CLANG_ANALYZER_NONNULL = YES;
				CLANG_ANALYZER_NUMBER_OBJECT_CONVERSION = YES_AGGRESSIVE;
				CLANG_CXX_LANGUAGE_STANDARD = "gnu++14";
				CLANG_CXX_LIBRARY = "libc++";
				CLANG_ENABLE_MODULES = YES;
				CLANG_ENABLE_OBJC_ARC = YES;
				CLANG_ENABLE_OBJC_WEAK = YES;
				CLANG_WARN_BLOCK_CAPTURE_AUTORELEASING = YES;
				CLANG_WARN_BOOL_CONVERSION = YES;
				CLANG_WARN_COMMA = YES;
				CLANG_WARN_CONSTANT_CONVERSION = YES;
				CLANG_WARN_DEPRECATED_OBJC_IMPLEMENTATIONS = YES;
				CLANG_WARN_DIRECT_OBJC_ISA_USAGE = YES_ERROR;
				CLANG_WARN_DOCUMENTATION_COMMENTS = YES;
				CLANG_WARN_EMPTY_BODY = YES;
				CLANG_WARN_ENUM_CONVERSION = YES;
				CLANG_WARN_INFINITE_RECURSION = YES;
				CLANG_WARN_INT_CONVERSION = YES;
				CLANG_WARN_NON_LITERAL_NULL_CONVERSION = YES;
				CLANG_WARN_OBJC_IMPLICIT_RETAIN_SELF = YES;
				CLANG_WARN_OBJC_LITERAL_CONVERSION = YES;
				CLANG_WARN_OBJC_ROOT_CLASS = YES_ERROR;
				CLANG_WARN_RANGE_LOOP_ANALYSIS = YES;
				CLANG_WARN_STRICT_PROTOTYPES = YES;
				CLANG_WARN_SUSPICIOUS_MOVE = YES;
				CLANG_WARN_UNGUARDED_AVAILABILITY = YES_AGGRESSIVE;
				CLANG_WARN_UNREACHABLE_CODE = YES;
				CLANG_WARN__DUPLICATE_METHOD_MATCH = YES;
				COPY_PHASE_STRIP = NO;
				DEBUG_INFORMATION_FORMAT = "dwarf-with-dsym";
				ENABLE_NS_ASSERTIONS = NO;
				ENABLE_STRICT_OBJC_MSGSEND = YES;
				GCC_C_LANGUAGE_STANDARD = gnu11;
				GCC_NO_COMMON_BLOCKS = YES;
				GCC_WARN_64_TO_32_BIT_CONVERSION = YES;
				GCC_WARN_ABOUT_RETURN_TYPE = YES_ERROR;
				GCC_WARN_UNDECLARED_SELECTOR = YES;
				GCC_WARN_UNINITIALIZED_AUTOS = YES_AGGRESSIVE;
				GCC_WARN_UNUSED_FUNCTION = YES;
				GCC_WARN_UNUSED_VARIABLE = YES;
				IPHONEOS_DEPLOYMENT_TARGET = 13.2;
				MTL_ENABLE_DEBUG_INFO = NO;
				MTL_FAST_MATH = YES;
				SDKROOT = iphoneos;
				SWIFT_COMPILATION_MODE = wholemodule;
				SWIFT_OPTIMIZATION_LEVEL = "-O";
				VALIDATE_PRODUCT = YES;
			};
			name = Release;
		};
		B83D8A67238659CB00D9A5CA /* Debug */ = {
			isa = XCBuildConfiguration;
			baseConfigurationReference = 56E250C14F12821029B3F572 /* Pods-demo_foursquare.debug.xcconfig */;
			buildSettings = {
				ASSETCATALOG_COMPILER_APPICON_NAME = AppIcon;
				CODE_SIGN_STYLE = Automatic;
				INFOPLIST_FILE = demo_foursquare/Info.plist;
				LD_RUNPATH_SEARCH_PATHS = (
					"$(inherited)",
					"@executable_path/Frameworks",
				);
				PRODUCT_BUNDLE_IDENTIFIER = "test.demo-foursquare";
				PRODUCT_NAME = "$(TARGET_NAME)";
				SWIFT_VERSION = 5.0;
				TARGETED_DEVICE_FAMILY = "1,2";
			};
			name = Debug;
		};
		B83D8A68238659CB00D9A5CA /* Release */ = {
			isa = XCBuildConfiguration;
			baseConfigurationReference = 9C7E77499A03DCE06E6F4533 /* Pods-demo_foursquare.release.xcconfig */;
			buildSettings = {
				ASSETCATALOG_COMPILER_APPICON_NAME = AppIcon;
				CODE_SIGN_STYLE = Automatic;
				INFOPLIST_FILE = demo_foursquare/Info.plist;
				LD_RUNPATH_SEARCH_PATHS = (
					"$(inherited)",
					"@executable_path/Frameworks",
				);
				PRODUCT_BUNDLE_IDENTIFIER = "test.demo-foursquare";
				PRODUCT_NAME = "$(TARGET_NAME)";
				SWIFT_VERSION = 5.0;
				TARGETED_DEVICE_FAMILY = "1,2";
			};
			name = Release;
		};
/* End XCBuildConfiguration section */

/* Begin XCConfigurationList section */
		B83D8A4D238659C900D9A5CA /* Build configuration list for PBXProject "demo_foursquare" */ = {
			isa = XCConfigurationList;
			buildConfigurations = (
				B83D8A64238659CA00D9A5CA /* Debug */,
				B83D8A65238659CA00D9A5CA /* Release */,
			);
			defaultConfigurationIsVisible = 0;
			defaultConfigurationName = Release;
		};
		B83D8A66238659CB00D9A5CA /* Build configuration list for PBXNativeTarget "demo_foursquare" */ = {
			isa = XCConfigurationList;
			buildConfigurations = (
				B83D8A67238659CB00D9A5CA /* Debug */,
				B83D8A68238659CB00D9A5CA /* Release */,
			);
			defaultConfigurationIsVisible = 0;
			defaultConfigurationName = Release;
		};
/* End XCConfigurationList section */
	};
	rootObject = B83D8A4A238659C900D9A5CA /* Project object */;
}
